
Microsoft Visual Studio Solution File, Format Version 12.00
# Visual Studio Version 16
VisualStudioVersion = 16.0.30717.126
MinimumVisualStudioVersion = 10.0.40219.1
Project("{FAE04EC0-301F-11D3-BF4B-00C04F79EFBC}") = "WebApp", "WebApp\WebApp.csproj", "{6421303F-1189-4AE1-B05C-EA512C62B5FE}"
EndProject
Project("{FAE04EC0-301F-11D3-BF4B-00C04F79EFBC}") = "BOTS_BL", "BOTS_BL\BOTS_BL.csproj", "{91B6424D-678C-4DF3-89D7-AF08C652D574}"
EndProject
Project("{FAE04EC0-301F-11D3-BF4B-00C04F79EFBC}") = "Chitale", "Chitale\Chitale.csproj", "{55C99E29-9563-4F6B-AF3A-4C7B78B26FB1}"
EndProject
Global
	GlobalSection(SolutionConfigurationPlatforms) = preSolution
		Debug|Any CPU = Debug|Any CPU
		Release|Any CPU = Release|Any CPU
	EndGlobalSection
	GlobalSection(ProjectConfigurationPlatforms) = postSolution
		{6421303F-1189-4AE1-B05C-EA512C62B5FE}.Debug|Any CPU.ActiveCfg = Debug|Any CPU
		{6421303F-1189-4AE1-B05C-EA512C62B5FE}.Debug|Any CPU.Build.0 = Debug|Any CPU
		{6421303F-1189-4AE1-B05C-EA512C62B5FE}.Release|Any CPU.ActiveCfg = Release|Any CPU
		{6421303F-1189-4AE1-B05C-EA512C62B5FE}.Release|Any CPU.Build.0 = Release|Any CPU
		{91B6424D-678C-4DF3-89D7-AF08C652D574}.Debug|Any CPU.ActiveCfg = Debug|Any CPU
		{91B6424D-678C-4DF3-89D7-AF08C652D574}.Debug|Any CPU.Build.0 = Debug|Any CPU
		{91B6424D-678C-4DF3-89D7-AF08C652D574}.Release|Any CPU.ActiveCfg = Release|Any CPU
		{91B6424D-678C-4DF3-89D7-AF08C652D574}.Release|Any CPU.Build.0 = Release|Any CPU
		{55C99E29-9563-4F6B-AF3A-4C7B78B26FB1}.Debug|Any CPU.ActiveCfg = Debug|Any CPU
		{55C99E29-9563-4F6B-AF3A-4C7B78B26FB1}.Debug|Any CPU.Build.0 = Debug|Any CPU
		{55C99E29-9563-4F6B-AF3A-4C7B78B26FB1}.Release|Any CPU.ActiveCfg = Release|Any CPU
		{55C99E29-9563-4F6B-AF3A-4C7B78B26FB1}.Release|Any CPU.Build.0 = Release|Any CPU
	EndGlobalSection
	GlobalSection(SolutionProperties) = preSolution
		HideSolutionNode = FALSE
	EndGlobalSection
	GlobalSection(ExtensibilityGlobals) = postSolution
		SolutionGuid = {ED6E9D9D-89E9-4176-9094-F9193E84DCC8}
	EndGlobalSection
EndGlobal
