
Microsoft Visual Studio Solution File, Format Version 12.00
# Visual Studio Version 16
VisualStudioVersion = 16.0.30717.126
MinimumVisualStudioVersion = 10.0.40219.1
Project("{FAE04EC0-301F-11D3-BF4B-00C04F79EFBC}") = "WebApp", "WebApp\WebApp.csproj", "{6421303F-1189-4AE1-B05C-EA512C62B5FE}"
EndProject
Project("{FAE04EC0-301F-11D3-BF4B-00C04F79EFBC}") = "BOTS_BL", "BOTS_BL\BOTS_BL.csproj", "{91B6424D-678C-4DF3-89D7-AF08C652D574}"
EndProject
Project("{FAE04EC0-301F-11D3-BF4B-00C04F79EFBC}") = "Chitale", "Chitale\Chitale.csproj", "{55C99E29-9563-4F6B-AF3A-4C7B78B26FB1}"
EndProject
Project("{FAE04EC0-301F-11D3-BF4B-00C04F79EFBC}") = "BotsMobileAPI", "BotsMobileAPI\BotsMobileAPI.csproj", "{A4DF476F-CFDE-4F84-98E9-43DDD149A838}"
EndProject
Project("{2150E333-8FDC-42A3-9474-1A3956D46DE8}") = "Solution Items", "Solution Items", "{37E6C4E8-3806-49B8-A245-C6B9A5E4AA3A}"
EndProject
Project("{FAE04EC0-301F-11D3-BF4B-00C04F79EFBC}") = "BusinessLoyaltyWebPage", "BusinessLoyaltyWebPage\BusinessLoyaltyWebPage.csproj", "{B26E132F-4FDD-457F-BAB9-8D25D94EF36A}"
EndProject
Project("{FAE04EC0-301F-11D3-BF4B-00C04F79EFBC}") = "LeadGeneration", "LeadGeneration\LeadGeneration.csproj", "{BB8FC649-9327-464C-9BC3-E50EC67E136C}"
EndProject
Project("{FAE04EC0-301F-11D3-BF4B-00C04F79EFBC}") = "Feedback", "Feedback\Feedback.csproj", "{E9A39921-E162-4A41-80F3-AF6B0D3A62F1}"
EndProject
Project("{FAE04EC0-301F-11D3-BF4B-00C04F79EFBC}") = "NPC", "NPC\NPC.csproj", "{F7816416-C24E-4107-98A4-C9AABB306491}"
EndProject
Project("{FAE04EC0-301F-11D3-BF4B-00C04F79EFBC}") = "OTPPage", "OTPPage\OTPPage.csproj", "{58CD83B2-B49C-4ACC-8D6D-FE0523CBBF2C}"
EndProject
Project("{FAE04EC0-301F-11D3-BF4B-00C04F79EFBC}") = "RetailerApp", "RetailerApp\RetailerApp.csproj", "{F289415C-D830-46BF-B57F-BD21E1E24CE1}"
EndProject
Project("{FAE04EC0-301F-11D3-BF4B-00C04F79EFBC}") = "AudioPalace", "AudioPalace\AudioPalace.csproj", "{3C9FB435-E2E0-4646-837C-E8B740EE15FD}"
EndProject
Project("{FAE04EC0-301F-11D3-BF4B-00C04F79EFBC}") = "VenusCompetitionLink", "VenusCompetitionLink\VenusCompetitionLink.csproj", "{368E2919-F748-4103-9FED-209CE0B0C302}"
EndProject
Project("{FAE04EC0-301F-11D3-BF4B-00C04F79EFBC}") = "Medration", "Medration\Medration.csproj", "{6E102758-0E3E-4466-94DD-651B198D49BA}"
EndProject
Project("{FAE04EC0-301F-11D3-BF4B-00C04F79EFBC}") = "DLC", "DLC\DLC.csproj", "{3F5C83FE-8E3B-4CB8-B2AB-F08648E410EE}"
EndProject
Project("{FAE04EC0-301F-11D3-BF4B-00C04F79EFBC}") = "Exhibition", "Exhibition\Exhibition.csproj", "{6559B60C-0389-464C-A824-9B14719C18C2}"
EndProject
Project("{FAE04EC0-301F-11D3-BF4B-00C04F79EFBC}") = "GinesysRedeemption", "GinesysRedeemption\GinesysRedeemption.csproj", "{60A4D2E6-8C4E-4AE4-884A-AC076BC60040}"
EndProject
Project("{FAE04EC0-301F-11D3-BF4B-00C04F79EFBC}") = "EReceipt", "EReceipt\EReceipt.csproj", "{9637B6FA-381B-4F7C-B169-41ACC581AF07}"
EndProject
Global
	GlobalSection(SolutionConfigurationPlatforms) = preSolution
		Debug|Any CPU = Debug|Any CPU
		Release|Any CPU = Release|Any CPU
	EndGlobalSection
	GlobalSection(ProjectConfigurationPlatforms) = postSolution
		{6421303F-1189-4AE1-B05C-EA512C62B5FE}.Debug|Any CPU.ActiveCfg = Debug|Any CPU
		{6421303F-1189-4AE1-B05C-EA512C62B5FE}.Debug|Any CPU.Build.0 = Debug|Any CPU
		{6421303F-1189-4AE1-B05C-EA512C62B5FE}.Release|Any CPU.ActiveCfg = Release|Any CPU
		{6421303F-1189-4AE1-B05C-EA512C62B5FE}.Release|Any CPU.Build.0 = Release|Any CPU
		{91B6424D-678C-4DF3-89D7-AF08C652D574}.Debug|Any CPU.ActiveCfg = Debug|Any CPU
		{91B6424D-678C-4DF3-89D7-AF08C652D574}.Debug|Any CPU.Build.0 = Debug|Any CPU
		{91B6424D-678C-4DF3-89D7-AF08C652D574}.Release|Any CPU.ActiveCfg = Release|Any CPU
		{91B6424D-678C-4DF3-89D7-AF08C652D574}.Release|Any CPU.Build.0 = Release|Any CPU
		{55C99E29-9563-4F6B-AF3A-4C7B78B26FB1}.Debug|Any CPU.ActiveCfg = Debug|Any CPU
		{55C99E29-9563-4F6B-AF3A-4C7B78B26FB1}.Debug|Any CPU.Build.0 = Debug|Any CPU
		{55C99E29-9563-4F6B-AF3A-4C7B78B26FB1}.Release|Any CPU.ActiveCfg = Release|Any CPU
		{55C99E29-9563-4F6B-AF3A-4C7B78B26FB1}.Release|Any CPU.Build.0 = Release|Any CPU
		{A4DF476F-CFDE-4F84-98E9-43DDD149A838}.Debug|Any CPU.ActiveCfg = Debug|Any CPU
		{A4DF476F-CFDE-4F84-98E9-43DDD149A838}.Debug|Any CPU.Build.0 = Debug|Any CPU
		{A4DF476F-CFDE-4F84-98E9-43DDD149A838}.Release|Any CPU.ActiveCfg = Release|Any CPU
		{A4DF476F-CFDE-4F84-98E9-43DDD149A838}.Release|Any CPU.Build.0 = Release|Any CPU
		{B26E132F-4FDD-457F-BAB9-8D25D94EF36A}.Debug|Any CPU.ActiveCfg = Debug|Any CPU
		{B26E132F-4FDD-457F-BAB9-8D25D94EF36A}.Debug|Any CPU.Build.0 = Debug|Any CPU
		{B26E132F-4FDD-457F-BAB9-8D25D94EF36A}.Release|Any CPU.ActiveCfg = Release|Any CPU
		{B26E132F-4FDD-457F-BAB9-8D25D94EF36A}.Release|Any CPU.Build.0 = Release|Any CPU
		{BB8FC649-9327-464C-9BC3-E50EC67E136C}.Debug|Any CPU.ActiveCfg = Debug|Any CPU
		{BB8FC649-9327-464C-9BC3-E50EC67E136C}.Debug|Any CPU.Build.0 = Debug|Any CPU
		{BB8FC649-9327-464C-9BC3-E50EC67E136C}.Release|Any CPU.ActiveCfg = Release|Any CPU
		{BB8FC649-9327-464C-9BC3-E50EC67E136C}.Release|Any CPU.Build.0 = Release|Any CPU
		{E9A39921-E162-4A41-80F3-AF6B0D3A62F1}.Debug|Any CPU.ActiveCfg = Debug|Any CPU
		{E9A39921-E162-4A41-80F3-AF6B0D3A62F1}.Debug|Any CPU.Build.0 = Debug|Any CPU
		{E9A39921-E162-4A41-80F3-AF6B0D3A62F1}.Release|Any CPU.ActiveCfg = Release|Any CPU
		{E9A39921-E162-4A41-80F3-AF6B0D3A62F1}.Release|Any CPU.Build.0 = Release|Any CPU
		{F7816416-C24E-4107-98A4-C9AABB306491}.Debug|Any CPU.ActiveCfg = Debug|Any CPU
		{F7816416-C24E-4107-98A4-C9AABB306491}.Debug|Any CPU.Build.0 = Debug|Any CPU
		{F7816416-C24E-4107-98A4-C9AABB306491}.Release|Any CPU.ActiveCfg = Release|Any CPU
		{F7816416-C24E-4107-98A4-C9AABB306491}.Release|Any CPU.Build.0 = Release|Any CPU
		{58CD83B2-B49C-4ACC-8D6D-FE0523CBBF2C}.Debug|Any CPU.ActiveCfg = Debug|Any CPU
		{58CD83B2-B49C-4ACC-8D6D-FE0523CBBF2C}.Debug|Any CPU.Build.0 = Debug|Any CPU
		{58CD83B2-B49C-4ACC-8D6D-FE0523CBBF2C}.Release|Any CPU.ActiveCfg = Release|Any CPU
		{58CD83B2-B49C-4ACC-8D6D-FE0523CBBF2C}.Release|Any CPU.Build.0 = Release|Any CPU
		{F289415C-D830-46BF-B57F-BD21E1E24CE1}.Debug|Any CPU.ActiveCfg = Debug|Any CPU
		{F289415C-D830-46BF-B57F-BD21E1E24CE1}.Debug|Any CPU.Build.0 = Debug|Any CPU
		{F289415C-D830-46BF-B57F-BD21E1E24CE1}.Release|Any CPU.ActiveCfg = Release|Any CPU
		{F289415C-D830-46BF-B57F-BD21E1E24CE1}.Release|Any CPU.Build.0 = Release|Any CPU
		{3C9FB435-E2E0-4646-837C-E8B740EE15FD}.Debug|Any CPU.ActiveCfg = Debug|Any CPU
		{3C9FB435-E2E0-4646-837C-E8B740EE15FD}.Debug|Any CPU.Build.0 = Debug|Any CPU
		{3C9FB435-E2E0-4646-837C-E8B740EE15FD}.Release|Any CPU.ActiveCfg = Release|Any CPU
		{3C9FB435-E2E0-4646-837C-E8B740EE15FD}.Release|Any CPU.Build.0 = Release|Any CPU
		{368E2919-F748-4103-9FED-209CE0B0C302}.Debug|Any CPU.ActiveCfg = Debug|Any CPU
		{368E2919-F748-4103-9FED-209CE0B0C302}.Debug|Any CPU.Build.0 = Debug|Any CPU
		{368E2919-F748-4103-9FED-209CE0B0C302}.Release|Any CPU.ActiveCfg = Release|Any CPU
		{368E2919-F748-4103-9FED-209CE0B0C302}.Release|Any CPU.Build.0 = Release|Any CPU
		{6E102758-0E3E-4466-94DD-651B198D49BA}.Debug|Any CPU.ActiveCfg = Debug|Any CPU
		{6E102758-0E3E-4466-94DD-651B198D49BA}.Debug|Any CPU.Build.0 = Debug|Any CPU
		{6E102758-0E3E-4466-94DD-651B198D49BA}.Release|Any CPU.ActiveCfg = Release|Any CPU
		{6E102758-0E3E-4466-94DD-651B198D49BA}.Release|Any CPU.Build.0 = Release|Any CPU
		{3F5C83FE-8E3B-4CB8-B2AB-F08648E410EE}.Debug|Any CPU.ActiveCfg = Debug|Any CPU
		{3F5C83FE-8E3B-4CB8-B2AB-F08648E410EE}.Debug|Any CPU.Build.0 = Debug|Any CPU
		{3F5C83FE-8E3B-4CB8-B2AB-F08648E410EE}.Release|Any CPU.ActiveCfg = Release|Any CPU
		{3F5C83FE-8E3B-4CB8-B2AB-F08648E410EE}.Release|Any CPU.Build.0 = Release|Any CPU
		{6559B60C-0389-464C-A824-9B14719C18C2}.Debug|Any CPU.ActiveCfg = Debug|Any CPU
		{6559B60C-0389-464C-A824-9B14719C18C2}.Debug|Any CPU.Build.0 = Debug|Any CPU
		{6559B60C-0389-464C-A824-9B14719C18C2}.Release|Any CPU.ActiveCfg = Release|Any CPU
		{6559B60C-0389-464C-A824-9B14719C18C2}.Release|Any CPU.Build.0 = Release|Any CPU
		{60A4D2E6-8C4E-4AE4-884A-AC076BC60040}.Debug|Any CPU.ActiveCfg = Debug|Any CPU
		{60A4D2E6-8C4E-4AE4-884A-AC076BC60040}.Debug|Any CPU.Build.0 = Debug|Any CPU
		{60A4D2E6-8C4E-4AE4-884A-AC076BC60040}.Release|Any CPU.ActiveCfg = Release|Any CPU
		{60A4D2E6-8C4E-4AE4-884A-AC076BC60040}.Release|Any CPU.Build.0 = Release|Any CPU
		{9637B6FA-381B-4F7C-B169-41ACC581AF07}.Debug|Any CPU.ActiveCfg = Debug|Any CPU
		{9637B6FA-381B-4F7C-B169-41ACC581AF07}.Debug|Any CPU.Build.0 = Debug|Any CPU
		{9637B6FA-381B-4F7C-B169-41ACC581AF07}.Release|Any CPU.ActiveCfg = Release|Any CPU
		{9637B6FA-381B-4F7C-B169-41ACC581AF07}.Release|Any CPU.Build.0 = Release|Any CPU
	EndGlobalSection
	GlobalSection(SolutionProperties) = preSolution
		HideSolutionNode = FALSE
	EndGlobalSection
	GlobalSection(ExtensibilityGlobals) = postSolution
		SolutionGuid = {ED6E9D9D-89E9-4176-9094-F9193E84DCC8}
	EndGlobalSection
EndGlobal
